
Microsoft Visual Studio Solution File, Format Version 12.00
# Visual Studio Version 16
VisualStudioVersion = 16.0.30204.135
MinimumVisualStudioVersion = 10.0.40219.1
Project("{FAE04EC0-301F-11D3-BF4B-00C04F79EFBC}") = "MyFirstWebApp", "MyFirstWebApp.csproj", "{CED5E12F-6EC5-41F4-B0B1-858F7F2D8D1A}"
EndProject
Global
	GlobalSection(SolutionConfigurationPlatforms) = preSolution
		Debug|Any CPU = Debug|Any CPU
		Release|Any CPU = Release|Any CPU
	EndGlobalSection
	GlobalSection(ProjectConfigurationPlatforms) = postSolution
		{CED5E12F-6EC5-41F4-B0B1-858F7F2D8D1A}.Debug|Any CPU.ActiveCfg = Debug|Any CPU
		{CED5E12F-6EC5-41F4-B0B1-858F7F2D8D1A}.Debug|Any CPU.Build.0 = Debug|Any CPU
		{CED5E12F-6EC5-41F4-B0B1-858F7F2D8D1A}.Release|Any CPU.ActiveCfg = Release|Any CPU
		{CED5E12F-6EC5-41F4-B0B1-858F7F2D8D1A}.Release|Any CPU.Build.0 = Release|Any CPU
	EndGlobalSection
	GlobalSection(SolutionProperties) = preSolution
		HideSolutionNode = FALSE
	EndGlobalSection
	GlobalSection(ExtensibilityGlobals) = postSolution
		SolutionGuid = {8491ABE3-0D08-43CC-9AEB-46D7B3C1369B}
	EndGlobalSection
EndGlobal
